# THIS IS AN AUTOGENERATED FILE. DO NOT EDIT THIS FILE DIRECTLY.
# yarn lockfile v1


jquery@x.*:
  version "3.2.1"
  resolved "https://registry.yarnpkg.com/jquery/-/jquery-3.2.1.tgz#5c4d9de652af6cd0a770154a631bba12b015c787"

semantic-ui-css@^2.2.12:
  version "2.2.12"
  resolved "https://registry.yarnpkg.com/semantic-ui-css/-/semantic-ui-css-2.2.12.tgz#afc462e5bb4f8a0dcfe3dca11274499a997490dd"
  dependencies:
    jquery x.*

semantic-ui-table@^2.2.12:
  version "2.2.12"
  resolved "https://registry.yarnpkg.com/semantic-ui-table/-/semantic-ui-table-2.2.12.tgz#d3d925a5cfd8cdc9ef505930df8e9fd59c24cf04"
